
Microsoft Visual Studio Solution File, Format Version 12.00
# Visual Studio Version 17
VisualStudioVersion = 17.8.34408.163
MinimumVisualStudioVersion = 10.0.40219.1
Project("{9A19103F-16F7-4668-BE54-9A1E7A4F7556}") = "NetCore.Materio.UI.Web", "NetCore.Materio.UI.Web.csproj", "{15A076BC-2865-49ED-8AE1-EBE5FE165596}"
EndProject
Global
	GlobalSection(SolutionConfigurationPlatforms) = preSolution
		Debug|Any CPU = Debug|Any CPU
		Release|Any CPU = Release|Any CPU
	EndGlobalSection
	GlobalSection(ProjectConfigurationPlatforms) = postSolution
		{15A076BC-2865-49ED-8AE1-EBE5FE165596}.Debug|Any CPU.ActiveCfg = Debug|Any CPU
		{15A076BC-2865-49ED-8AE1-EBE5FE165596}.Debug|Any CPU.Build.0 = Debug|Any CPU
		{15A076BC-2865-49ED-8AE1-EBE5FE165596}.Release|Any CPU.ActiveCfg = Release|Any CPU
		{15A076BC-2865-49ED-8AE1-EBE5FE165596}.Release|Any CPU.Build.0 = Release|Any CPU
	EndGlobalSection
	GlobalSection(SolutionProperties) = preSolution
		HideSolutionNode = FALSE
	EndGlobalSection
	GlobalSection(ExtensibilityGlobals) = postSolution
		SolutionGuid = {7805E401-C6B0-449C-9316-522BEEBE6839}
	EndGlobalSection
EndGlobal
